
Microsoft Visual Studio Solution File, Format Version 12.00
# Visual Studio Version 16
VisualStudioVersion = 16.0.33214.272
MinimumVisualStudioVersion = 10.0.40219.1
Project("{FAE04EC0-301F-11D3-BF4B-00C04F79EFBC}") = "Consultorio", "Consultorio\Consultorio.csproj", "{7C30B3A4-71DB-44AC-BDC8-3C2720912FEB}"
EndProject
Project("{FAE04EC0-301F-11D3-BF4B-00C04F79EFBC}") = "CapaDatos", "CapaDatos\CapaDatos.csproj", "{5354263B-0C80-4B90-834D-AFBE79C5455B}"
EndProject
Project("{FAE04EC0-301F-11D3-BF4B-00C04F79EFBC}") = "CapaNegocio", "CapaNegocio\CapaNegocio.csproj", "{1F794099-435F-4866-86B8-09606FA758D5}"
EndProject
Global
	GlobalSection(SolutionConfigurationPlatforms) = preSolution
		Debug|Any CPU = Debug|Any CPU
		Release|Any CPU = Release|Any CPU
	EndGlobalSection
	GlobalSection(ProjectConfigurationPlatforms) = postSolution
		{7C30B3A4-71DB-44AC-BDC8-3C2720912FEB}.Debug|Any CPU.ActiveCfg = Debug|Any CPU
		{7C30B3A4-71DB-44AC-BDC8-3C2720912FEB}.Debug|Any CPU.Build.0 = Debug|Any CPU
		{7C30B3A4-71DB-44AC-BDC8-3C2720912FEB}.Release|Any CPU.ActiveCfg = Release|Any CPU
		{7C30B3A4-71DB-44AC-BDC8-3C2720912FEB}.Release|Any CPU.Build.0 = Release|Any CPU
		{5354263B-0C80-4B90-834D-AFBE79C5455B}.Debug|Any CPU.ActiveCfg = Debug|Any CPU
		{5354263B-0C80-4B90-834D-AFBE79C5455B}.Debug|Any CPU.Build.0 = Debug|Any CPU
		{5354263B-0C80-4B90-834D-AFBE79C5455B}.Release|Any CPU.ActiveCfg = Release|Any CPU
		{5354263B-0C80-4B90-834D-AFBE79C5455B}.Release|Any CPU.Build.0 = Release|Any CPU
		{1F794099-435F-4866-86B8-09606FA758D5}.Debug|Any CPU.ActiveCfg = Debug|Any CPU
		{1F794099-435F-4866-86B8-09606FA758D5}.Debug|Any CPU.Build.0 = Debug|Any CPU
		{1F794099-435F-4866-86B8-09606FA758D5}.Release|Any CPU.ActiveCfg = Release|Any CPU
		{1F794099-435F-4866-86B8-09606FA758D5}.Release|Any CPU.Build.0 = Release|Any CPU
	EndGlobalSection
	GlobalSection(SolutionProperties) = preSolution
		HideSolutionNode = FALSE
	EndGlobalSection
	GlobalSection(ExtensibilityGlobals) = postSolution
		SolutionGuid = {5097AB4C-447A-4194-A66C-B65D16FBFEE2}
	EndGlobalSection
EndGlobal
